// !$*UTF8*$!
{
	archiveVersion = 1;
	classes = {
	};
	objectVersion = 46;
	objects = {

/* Begin PBXBuildFile section */
		430219461967E321001195A6 /* Foundation.framework in Frameworks */ = {isa = PBXBuildFile; fileRef = 430219451967E321001195A6 /* Foundation.framework */; };
		430219481967E321001195A6 /* CoreGraphics.framework in Frameworks */ = {isa = PBXBuildFile; fileRef = 430219471967E321001195A6 /* CoreGraphics.framework */; };
		4302194A1967E321001195A6 /* UIKit.framework in Frameworks */ = {isa = PBXBuildFile; fileRef = 430219491967E321001195A6 /* UIKit.framework */; };
		430219501967E321001195A6 /* InfoPlist.strings in Resources */ = {isa = PBXBuildFile; fileRef = 4302194E1967E321001195A6 /* InfoPlist.strings */; };
		430219521967E321001195A6 /* main.m in Sources */ = {isa = PBXBuildFile; fileRef = 430219511967E321001195A6 /* main.m */; };
		430219561967E321001195A6 /* netraAppDelegate.m in Sources */ = {isa = PBXBuildFile; fileRef = 430219551967E321001195A6 /* netraAppDelegate.m */; };
		430219581967E321001195A6 /* Images.xcassets in Resources */ = {isa = PBXBuildFile; fileRef = 430219571967E321001195A6 /* Images.xcassets */; };
		4302195F1967E322001195A6 /* XCTest.framework in Frameworks */ = {isa = PBXBuildFile; fileRef = 4302195E1967E322001195A6 /* XCTest.framework */; };
		430219601967E322001195A6 /* Foundation.framework in Frameworks */ = {isa = PBXBuildFile; fileRef = 430219451967E321001195A6 /* Foundation.framework */; };
		430219611967E322001195A6 /* UIKit.framework in Frameworks */ = {isa = PBXBuildFile; fileRef = 430219491967E321001195A6 /* UIKit.framework */; };
		430219691967E322001195A6 /* InfoPlist.strings in Resources */ = {isa = PBXBuildFile; fileRef = 430219671967E322001195A6 /* InfoPlist.strings */; };
		4302196B1967E322001195A6 /* Suara_HewanTests.m in Sources */ = {isa = PBXBuildFile; fileRef = 4302196A1967E322001195A6 /* Suara_HewanTests.m */; };
		4302197E1967E450001195A6 /* i4@2x.png in Resources */ = {isa = PBXBuildFile; fileRef = 4302197A1967E450001195A6 /* i4@2x.png */; };
		4302197F1967E450001195A6 /* i5@2x.png in Resources */ = {isa = PBXBuildFile; fileRef = 4302197B1967E450001195A6 /* i5@2x.png */; };
		430219821967E49E001195A6 /* netraMainViewController.m in Sources */ = {isa = PBXBuildFile; fileRef = 430219811967E49E001195A6 /* netraMainViewController.m */; };
/* End PBXBuildFile section */

/* Begin PBXContainerItemProxy section */
		430219621967E322001195A6 /* PBXContainerItemProxy */ = {
			isa = PBXContainerItemProxy;
			containerPortal = 4302193A1967E321001195A6 /* Project object */;
			proxyType = 1;
			remoteGlobalIDString = 430219411967E321001195A6;
			remoteInfo = "Suara Hewan";
		};
/* End PBXContainerItemProxy section */

/* Begin PBXFileReference section */
		430219421967E321001195A6 /* Suara Hewan.app */ = {isa = PBXFileReference; explicitFileType = wrapper.application; includeInIndex = 0; path = "Suara Hewan.app"; sourceTree = BUILT_PRODUCTS_DIR; };
		430219451967E321001195A6 /* Foundation.framework */ = {isa = PBXFileReference; lastKnownFileType = wrapper.framework; name = Foundation.framework; path = System/Library/Frameworks/Foundation.framework; sourceTree = SDKROOT; };
		430219471967E321001195A6 /* CoreGraphics.framework */ = {isa = PBXFileReference; lastKnownFileType = wrapper.framework; name = CoreGraphics.framework; path = System/Library/Frameworks/CoreGraphics.framework; sourceTree = SDKROOT; };
		430219491967E321001195A6 /* UIKit.framework */ = {isa = PBXFileReference; lastKnownFileType = wrapper.framework; name = UIKit.framework; path = System/Library/Frameworks/UIKit.framework; sourceTree = SDKROOT; };
		4302194D1967E321001195A6 /* Suara Hewan-Info.plist */ = {isa = PBXFileReference; lastKnownFileType = text.plist.xml; path = "Suara Hewan-Info.plist"; sourceTree = "<group>"; };
		4302194F1967E321001195A6 /* en */ = {isa = PBXFileReference; lastKnownFileType = text.plist.strings; name = en; path = en.lproj/InfoPlist.strings; sourceTree = "<group>"; };
		430219511967E321001195A6 /* main.m */ = {isa = PBXFileReference; lastKnownFileType = sourcecode.c.objc; path = main.m; sourceTree = "<group>"; };
		430219531967E321001195A6 /* Suara Hewan-Prefix.pch */ = {isa = PBXFileReference; lastKnownFileType = sourcecode.c.h; path = "Suara Hewan-Prefix.pch"; sourceTree = "<group>"; };
		430219541967E321001195A6 /* netraAppDelegate.h */ = {isa = PBXFileReference; lastKnownFileType = sourcecode.c.h; path = netraAppDelegate.h; sourceTree = "<group>"; };
		430219551967E321001195A6 /* netraAppDelegate.m */ = {isa = PBXFileReference; lastKnownFileType = sourcecode.c.objc; path = netraAppDelegate.m; sourceTree = "<group>"; };
		430219571967E321001195A6 /* Images.xcassets */ = {isa = PBXFileReference; lastKnownFileType = folder.assetcatalog; path = Images.xcassets; sourceTree = "<group>"; };
		4302195D1967E322001195A6 /* Suara HewanTests.xctest */ = {isa = PBXFileReference; explicitFileType = wrapper.cfbundle; includeInIndex = 0; path = "Suara HewanTests.xctest"; sourceTree = BUILT_PRODUCTS_DIR; };
		4302195E1967E322001195A6 /* XCTest.framework */ = {isa = PBXFileReference; lastKnownFileType = wrapper.framework; name = XCTest.framework; path = Library/Frameworks/XCTest.framework; sourceTree = DEVELOPER_DIR; };
		430219661967E322001195A6 /* Suara HewanTests-Info.plist */ = {isa = PBXFileReference; lastKnownFileType = text.plist.xml; path = "Suara HewanTests-Info.plist"; sourceTree = "<group>"; };
		430219681967E322001195A6 /* en */ = {isa = PBXFileReference; lastKnownFileType = text.plist.strings; name = en; path = en.lproj/InfoPlist.strings; sourceTree = "<group>"; };
		4302196A1967E322001195A6 /* Suara_HewanTests.m */ = {isa = PBXFileReference; lastKnownFileType = sourcecode.c.objc; path = Suara_HewanTests.m; sourceTree = "<group>"; };
		4302197A1967E450001195A6 /* i4@2x.png */ = {isa = PBXFileReference; lastKnownFileType = image.png; path = "i4@2x.png"; sourceTree = "<group>"; };
		4302197B1967E450001195A6 /* i5@2x.png */ = {isa = PBXFileReference; lastKnownFileType = image.png; path = "i5@2x.png"; sourceTree = "<group>"; };
		430219801967E49E001195A6 /* netraMainViewController.h */ = {isa = PBXFileReference; fileEncoding = 4; lastKnownFileType = sourcecode.c.h; path = netraMainViewController.h; sourceTree = "<group>"; };
		430219811967E49E001195A6 /* netraMainViewController.m */ = {isa = PBXFileReference; fileEncoding = 4; lastKnownFileType = sourcecode.c.objc; path = netraMainViewController.m; sourceTree = "<group>"; };
/* End PBXFileReference section */

/* Begin PBXFrameworksBuildPhase section */
		4302193F1967E321001195A6 /* Frameworks */ = {
			isa = PBXFrameworksBuildPhase;
			buildActionMask = 2147483647;
			files = (
				430219481967E321001195A6 /* CoreGraphics.framework in Frameworks */,
				4302194A1967E321001195A6 /* UIKit.framework in Frameworks */,
				430219461967E321001195A6 /* Foundation.framework in Frameworks */,
			);
			runOnlyForDeploymentPostprocessing = 0;
		};
		4302195A1967E322001195A6 /* Frameworks */ = {
			isa = PBXFrameworksBuildPhase;
			buildActionMask = 2147483647;
			files = (
				4302195F1967E322001195A6 /* XCTest.framework in Frameworks */,
				430219611967E322001195A6 /* UIKit.framework in Frameworks */,
				430219601967E322001195A6 /* Foundation.framework in Frameworks */,
			);
			runOnlyForDeploymentPostprocessing = 0;
		};
/* End PBXFrameworksBuildPhase section */

/* Begin PBXGroup section */
		430219391967E321001195A6 = {
			isa = PBXGroup;
			children = (
				430219781967E450001195A6 /* app */,
				4302194B1967E321001195A6 /* Suara Hewan */,
				430219641967E322001195A6 /* Suara HewanTests */,
				430219441967E321001195A6 /* Frameworks */,
				430219431967E321001195A6 /* Products */,
			);
			sourceTree = "<group>";
		};
		430219431967E321001195A6 /* Products */ = {
			isa = PBXGroup;
			children = (
				430219421967E321001195A6 /* Suara Hewan.app */,
				4302195D1967E322001195A6 /* Suara HewanTests.xctest */,
			);
			name = Products;
			sourceTree = "<group>";
		};
		430219441967E321001195A6 /* Frameworks */ = {
			isa = PBXGroup;
			children = (
				430219451967E321001195A6 /* Foundation.framework */,
				430219471967E321001195A6 /* CoreGraphics.framework */,
				430219491967E321001195A6 /* UIKit.framework */,
				4302195E1967E322001195A6 /* XCTest.framework */,
			);
			name = Frameworks;
			sourceTree = "<group>";
		};
		4302194B1967E321001195A6 /* Suara Hewan */ = {
			isa = PBXGroup;
			children = (
				430219541967E321001195A6 /* netraAppDelegate.h */,
				430219551967E321001195A6 /* netraAppDelegate.m */,
				430219571967E321001195A6 /* Images.xcassets */,
				4302194C1967E321001195A6 /* Supporting Files */,
			);
			path = "Suara Hewan";
			sourceTree = "<group>";
		};
		4302194C1967E321001195A6 /* Supporting Files */ = {
			isa = PBXGroup;
			children = (
				4302194D1967E321001195A6 /* Suara Hewan-Info.plist */,
				4302194E1967E321001195A6 /* InfoPlist.strings */,
				430219511967E321001195A6 /* main.m */,
				430219531967E321001195A6 /* Suara Hewan-Prefix.pch */,
			);
			name = "Supporting Files";
			sourceTree = "<group>";
		};
		430219641967E322001195A6 /* Suara HewanTests */ = {
			isa = PBXGroup;
			children = (
				4302196A1967E322001195A6 /* Suara_HewanTests.m */,
				430219651967E322001195A6 /* Supporting Files */,
			);
			path = "Suara HewanTests";
			sourceTree = "<group>";
		};
		430219651967E322001195A6 /* Supporting Files */ = {
			isa = PBXGroup;
			children = (
				430219661967E322001195A6 /* Suara HewanTests-Info.plist */,
				430219671967E322001195A6 /* InfoPlist.strings */,
			);
			name = "Supporting Files";
			sourceTree = "<group>";
		};
		430219781967E450001195A6 /* app */ = {
			isa = PBXGroup;
			children = (
				430219791967E450001195A6 /* assets */,
				4302197C1967E450001195A6 /* controller */,
				4302197D1967E450001195A6 /* view */,
			);
			path = app;
			sourceTree = "<group>";
		};
		430219791967E450001195A6 /* assets */ = {
			isa = PBXGroup;
			children = (
				4302197A1967E450001195A6 /* i4@2x.png */,
				4302197B1967E450001195A6 /* i5@2x.png */,
			);
			path = assets;
			sourceTree = "<group>";
		};
		4302197C1967E450001195A6 /* controller */ = {
			isa = PBXGroup;
			children = (
				430219801967E49E001195A6 /* netraMainViewController.h */,
				430219811967E49E001195A6 /* netraMainViewController.m */,
			);
			path = controller;
			sourceTree = "<group>";
		};
		4302197D1967E450001195A6 /* view */ = {
			isa = PBXGroup;
			children = (
			);
			path = view;
			sourceTree = "<group>";
		};
/* End PBXGroup section */

/* Begin PBXNativeTarget section */
		430219411967E321001195A6 /* Suara Hewan */ = {
			isa = PBXNativeTarget;
			buildConfigurationList = 4302196E1967E322001195A6 /* Build configuration list for PBXNativeTarget "Suara Hewan" */;
			buildPhases = (
				4302193E1967E321001195A6 /* Sources */,
				4302193F1967E321001195A6 /* Frameworks */,
				430219401967E321001195A6 /* Resources */,
			);
			buildRules = (
			);
			dependencies = (
			);
			name = "Suara Hewan";
			productName = "Suara Hewan";
			productReference = 430219421967E321001195A6 /* Suara Hewan.app */;
			productType = "com.apple.product-type.application";
		};
		4302195C1967E322001195A6 /* Suara HewanTests */ = {
			isa = PBXNativeTarget;
			buildConfigurationList = 430219711967E322001195A6 /* Build configuration list for PBXNativeTarget "Suara HewanTests" */;
			buildPhases = (
				430219591967E322001195A6 /* Sources */,
				4302195A1967E322001195A6 /* Frameworks */,
				4302195B1967E322001195A6 /* Resources */,
			);
			buildRules = (
			);
			dependencies = (
				430219631967E322001195A6 /* PBXTargetDependency */,
			);
			name = "Suara HewanTests";
			productName = "Suara HewanTests";
			productReference = 4302195D1967E322001195A6 /* Suara HewanTests.xctest */;
			productType = "com.apple.product-type.bundle.unit-test";
		};
/* End PBXNativeTarget section */

/* Begin PBXProject section */
		4302193A1967E321001195A6 /* Project object */ = {
			isa = PBXProject;
			attributes = {
				CLASSPREFIX = netra;
				LastUpgradeCheck = 0510;
				ORGANIZATIONNAME = vanbungkring;
				TargetAttributes = {
					4302195C1967E322001195A6 = {
						TestTargetID = 430219411967E321001195A6;
					};
				};
			};
			buildConfigurationList = 4302193D1967E321001195A6 /* Build configuration list for PBXProject "Suara Hewan" */;
			compatibilityVersion = "Xcode 3.2";
			developmentRegion = English;
			hasScannedForEncodings = 0;
			knownRegions = (
				en,
			);
			mainGroup = 430219391967E321001195A6;
			productRefGroup = 430219431967E321001195A6 /* Products */;
			projectDirPath = "";
			projectRoot = "";
			targets = (
				430219411967E321001195A6 /* Suara Hewan */,
				4302195C1967E322001195A6 /* Suara HewanTests */,
			);
		};
/* End PBXProject section */

/* Begin PBXResourcesBuildPhase section */
		430219401967E321001195A6 /* Resources */ = {
			isa = PBXResourcesBuildPhase;
			buildActionMask = 2147483647;
			files = (
				4302197F1967E450001195A6 /* i5@2x.png in Resources */,
				430219501967E321001195A6 /* InfoPlist.strings in Resources */,
				4302197E1967E450001195A6 /* i4@2x.png in Resources */,
				430219581967E321001195A6 /* Images.xcassets in Resources */,
			);
			runOnlyForDeploymentPostprocessing = 0;
		};
		4302195B1967E322001195A6 /* Resources */ = {
			isa = PBXResourcesBuildPhase;
			buildActionMask = 2147483647;
			files = (
				430219691967E322001195A6 /* InfoPlist.strings in Resources */,
			);
			runOnlyForDeploymentPostprocessing = 0;
		};
/* End PBXResourcesBuildPhase section */

/* Begin PBXSourcesBuildPhase section */
		4302193E1967E321001195A6 /* Sources */ = {
			isa = PBXSourcesBuildPhase;
			buildActionMask = 2147483647;
			files = (
				430219821967E49E001195A6 /* netraMainViewController.m in Sources */,
				430219521967E321001195A6 /* main.m in Sources */,
				430219561967E321001195A6 /* netraAppDelegate.m in Sources */,
			);
			runOnlyForDeploymentPostprocessing = 0;
		};
		430219591967E322001195A6 /* Sources */ = {
			isa = PBXSourcesBuildPhase;
			buildActionMask = 2147483647;
			files = (
				4302196B1967E322001195A6 /* Suara_HewanTests.m in Sources */,
			);
			runOnlyForDeploymentPostprocessing = 0;
		};
/* End PBXSourcesBuildPhase section */

/* Begin PBXTargetDependency section */
		430219631967E322001195A6 /* PBXTargetDependency */ = {
			isa = PBXTargetDependency;
			target = 430219411967E321001195A6 /* Suara Hewan */;
			targetProxy = 430219621967E322001195A6 /* PBXContainerItemProxy */;
		};
/* End PBXTargetDependency section */

/* Begin PBXVariantGroup section */
		4302194E1967E321001195A6 /* InfoPlist.strings */ = {
			isa = PBXVariantGroup;
			children = (
				4302194F1967E321001195A6 /* en */,
			);
			name = InfoPlist.strings;
			sourceTree = "<group>";
		};
		430219671967E322001195A6 /* InfoPlist.strings */ = {
			isa = PBXVariantGroup;
			children = (
				430219681967E322001195A6 /* en */,
			);
			name = InfoPlist.strings;
			sourceTree = "<group>";
		};
/* End PBXVariantGroup section */

/* Begin XCBuildConfiguration section */
		4302196C1967E322001195A6 /* Debug */ = {
			isa = XCBuildConfiguration;
			buildSettings = {
				ALWAYS_SEARCH_USER_PATHS = NO;
				CLANG_CXX_LANGUAGE_STANDARD = "gnu++0x";
				CLANG_CXX_LIBRARY = "libc++";
				CLANG_ENABLE_MODULES = YES;
				CLANG_ENABLE_OBJC_ARC = YES;
				CLANG_WARN_BOOL_CONVERSION = YES;
				CLANG_WARN_CONSTANT_CONVERSION = YES;
				CLANG_WARN_DIRECT_OBJC_ISA_USAGE = YES_ERROR;
				CLANG_WARN_EMPTY_BODY = YES;
				CLANG_WARN_ENUM_CONVERSION = YES;
				CLANG_WARN_INT_CONVERSION = YES;
				CLANG_WARN_OBJC_ROOT_CLASS = YES_ERROR;
				CLANG_WARN__DUPLICATE_METHOD_MATCH = YES;
				"CODE_SIGN_IDENTITY[sdk=iphoneos*]" = "iPhone Developer";
				COPY_PHASE_STRIP = NO;
				GCC_C_LANGUAGE_STANDARD = gnu99;
				GCC_DYNAMIC_NO_PIC = NO;
				GCC_OPTIMIZATION_LEVEL = 0;
				GCC_PREPROCESSOR_DEFINITIONS = (
					"DEBUG=1",
					"$(inherited)",
				);
				GCC_SYMBOLS_PRIVATE_EXTERN = NO;
				GCC_WARN_64_TO_32_BIT_CONVERSION = YES;
				GCC_WARN_ABOUT_RETURN_TYPE = YES_ERROR;
				GCC_WARN_UNDECLARED_SELECTOR = YES;
				GCC_WARN_UNINITIALIZED_AUTOS = YES_AGGRESSIVE;
				GCC_WARN_UNUSED_FUNCTION = YES;
				GCC_WARN_UNUSED_VARIABLE = YES;
				IPHONEOS_DEPLOYMENT_TARGET = 7.1;
				ONLY_ACTIVE_ARCH = YES;
				SDKROOT = iphoneos;
			};
			name = Debug;
		};
		4302196D1967E322001195A6 /* Release */ = {
			isa = XCBuildConfiguration;
			buildSettings = {
				ALWAYS_SEARCH_USER_PATHS = NO;
				CLANG_CXX_LANGUAGE_STANDARD = "gnu++0x";
				CLANG_CXX_LIBRARY = "libc++";
				CLANG_ENABLE_MODULES = YES;
				CLANG_ENABLE_OBJC_ARC = YES;
				CLANG_WARN_BOOL_CONVERSION = YES;
				CLANG_WARN_CONSTANT_CONVERSION = YES;
				CLANG_WARN_DIRECT_OBJC_ISA_USAGE = YES_ERROR;
				CLANG_WARN_EMPTY_BODY = YES;
				CLANG_WARN_ENUM_CONVERSION = YES;
				CLANG_WARN_INT_CONVERSION = YES;
				CLANG_WARN_OBJC_ROOT_CLASS = YES_ERROR;
				CLANG_WARN__DUPLICATE_METHOD_MATCH = YES;
				"CODE_SIGN_IDENTITY[sdk=iphoneos*]" = "iPhone Developer";
				COPY_PHASE_STRIP = YES;
				ENABLE_NS_ASSERTIONS = NO;
				GCC_C_LANGUAGE_STANDARD = gnu99;
				GCC_WARN_64_TO_32_BIT_CONVERSION = YES;
				GCC_WARN_ABOUT_RETURN_TYPE = YES_ERROR;
				GCC_WARN_UNDECLARED_SELECTOR = YES;
				GCC_WARN_UNINITIALIZED_AUTOS = YES_AGGRESSIVE;
				GCC_WARN_UNUSED_FUNCTION = YES;
				GCC_WARN_UNUSED_VARIABLE = YES;
				IPHONEOS_DEPLOYMENT_TARGET = 7.1;
				SDKROOT = iphoneos;
				VALIDATE_PRODUCT = YES;
			};
			name = Release;
		};
		4302196F1967E322001195A6 /* Debug */ = {
			isa = XCBuildConfiguration;
			buildSettings = {
				ASSETCATALOG_COMPILER_APPICON_NAME = AppIcon;
				ASSETCATALOG_COMPILER_LAUNCHIMAGE_NAME = LaunchImage;
				GCC_PRECOMPILE_PREFIX_HEADER = YES;
				GCC_PREFIX_HEADER = "Suara Hewan/Suara Hewan-Prefix.pch";
				INFOPLIST_FILE = "Suara Hewan/Suara Hewan-Info.plist";
				PRODUCT_NAME = "$(TARGET_NAME)";
				WRAPPER_EXTENSION = app;
			};
			name = Debug;
		};
		430219701967E322001195A6 /* Release */ = {
			isa = XCBuildConfiguration;
			buildSettings = {
				ASSETCATALOG_COMPILER_APPICON_NAME = AppIcon;
				ASSETCATALOG_COMPILER_LAUNCHIMAGE_NAME = LaunchImage;
				GCC_PRECOMPILE_PREFIX_HEADER = YES;
				GCC_PREFIX_HEADER = "Suara Hewan/Suara Hewan-Prefix.pch";
				INFOPLIST_FILE = "Suara Hewan/Suara Hewan-Info.plist";
				PRODUCT_NAME = "$(TARGET_NAME)";
				WRAPPER_EXTENSION = app;
			};
			name = Release;
		};
		430219721967E322001195A6 /* Debug */ = {
			isa = XCBuildConfiguration;
			buildSettings = {
				BUNDLE_LOADER = "$(BUILT_PRODUCTS_DIR)/Suara Hewan.app/Suara Hewan";
				FRAMEWORK_SEARCH_PATHS = (
					"$(SDKROOT)/Developer/Library/Frameworks",
					"$(inherited)",
					"$(DEVELOPER_FRAMEWORKS_DIR)",
				);
				GCC_PRECOMPILE_PREFIX_HEADER = YES;
				GCC_PREFIX_HEADER = "Suara Hewan/Suara Hewan-Prefix.pch";
				GCC_PREPROCESSOR_DEFINITIONS = (
					"DEBUG=1",
					"$(inherited)",
				);
				INFOPLIST_FILE = "Suara HewanTests/Suara HewanTests-Info.plist";
				PRODUCT_NAME = "$(TARGET_NAME)";
				TEST_HOST = "$(BUNDLE_LOADER)";
				WRAPPER_EXTENSION = xctest;
			};
			name = Debug;
		};
		430219731967E322001195A6 /* Release */ = {
			isa = XCBuildConfiguration;
			buildSettings = {
				BUNDLE_LOADER = "$(BUILT_PRODUCTS_DIR)/Suara Hewan.app/Suara Hewan";
				FRAMEWORK_SEARCH_PATHS = (
					"$(SDKROOT)/Developer/Library/Frameworks",
					"$(inherited)",
					"$(DEVELOPER_FRAMEWORKS_DIR)",
				);
				GCC_PRECOMPILE_PREFIX_HEADER = YES;
				GCC_PREFIX_HEADER = "Suara Hewan/Suara Hewan-Prefix.pch";
				INFOPLIST_FILE = "Suara HewanTests/Suara HewanTests-Info.plist";
				PRODUCT_NAME = "$(TARGET_NAME)";
				TEST_HOST = "$(BUNDLE_LOADER)";
				WRAPPER_EXTENSION = xctest;
			};
			name = Release;
		};
/* End XCBuildConfiguration section */

/* Begin XCConfigurationList section */
		4302193D1967E321001195A6 /* Build configuration list for PBXProject "Suara Hewan" */ = {
			isa = XCConfigurationList;
			buildConfigurations = (
				4302196C1967E322001195A6 /* Debug */,
				4302196D1967E322001195A6 /* Release */,
			);
			defaultConfigurationIsVisible = 0;
			defaultConfigurationName = Release;
		};
		4302196E1967E322001195A6 /* Build configuration list for PBXNativeTarget "Suara Hewan" */ = {
			isa = XCConfigurationList;
			buildConfigurations = (
				4302196F1967E322001195A6 /* Debug */,
				430219701967E322001195A6 /* Release */,
			);
			defaultConfigurationIsVisible = 0;
		};
		430219711967E322001195A6 /* Build configuration list for PBXNativeTarget "Suara HewanTests" */ = {
			isa = XCConfigurationList;
			buildConfigurations = (
				430219721967E322001195A6 /* Debug */,
				430219731967E322001195A6 /* Release */,
			);
			defaultConfigurationIsVisible = 0;
		};
/* End XCConfigurationList section */
	};
	rootObject = 4302193A1967E321001195A6 /* Project object */;
}
